
Microsoft Visual Studio Solution File, Format Version 12.00
# Visual Studio Version 17
VisualStudioVersion = 17.0.31903.59
MinimumVisualStudioVersion = 10.0.40219.1
Project("{FAE04EC0-301F-11D3-BF4B-00C04F79EFBC}") = "Oefeningen", "Oefeningen\Oefeningen.csproj", "{EF0CD853-1BDF-40A5-AF1E-8755F8785EC9}"
EndProject
Project("{FAE04EC0-301F-11D3-BF4B-00C04F79EFBC}") = "Oefening 1.2", "Oefening 1.2\Oefening 1.2.csproj", "{18DA8276-DCCE-4C5B-9448-913DDFD1CC56}"
EndProject
Project("{FAE04EC0-301F-11D3-BF4B-00C04F79EFBC}") = "Oefening 1.3", "Oefening 1.3\Oefening 1.3.csproj", "{AE9C9E9D-BE4B-4756-9308-3170547177FA}"
EndProject
Project("{FAE04EC0-301F-11D3-BF4B-00C04F79EFBC}") = "Oefening 2.1", "Oefening 2.1\Oefening 2.1.csproj", "{79C6AD25-8105-4B81-9206-BBDBE9EBCE74}"
EndProject
Project("{FAE04EC0-301F-11D3-BF4B-00C04F79EFBC}") = "Oefening 2.2", "Oefening 2.2\Oefening 2.2.csproj", "{AE5CC4C9-5E34-4DDE-A3C4-319A3F1E1C03}"
EndProject
Project("{FAE04EC0-301F-11D3-BF4B-00C04F79EFBC}") = "Oefening 2.3", "Oefening 2.3\Oefening 2.3.csproj", "{C6B45095-6CDC-4C3B-9420-13E3D3EEF6D4}"
EndProject
Project("{FAE04EC0-301F-11D3-BF4B-00C04F79EFBC}") = "Oefening 3.1", "Oefening 3.1\Oefening 3.1.csproj", "{6BD376A4-A57C-4F08-B558-2246D7C79D7D}"
EndProject
Project("{FAE04EC0-301F-11D3-BF4B-00C04F79EFBC}") = "Oefening 3.2", "Oefening 3.2\Oefening 3.2.csproj", "{4C5C7D0A-46C5-4355-8DDE-B7055A5D2A0A}"
EndProject
Project("{FAE04EC0-301F-11D3-BF4B-00C04F79EFBC}") = "Oefening 3.3", "Oefening 3.3\Oefening 3.3.csproj", "{C6498205-0823-4440-BDBE-23373E1B5D82}"
EndProject
Project("{FAE04EC0-301F-11D3-BF4B-00C04F79EFBC}") = "Oefening 3.4", "Oefening 3.4\Oefening 3.4.csproj", "{1CD8E2BB-0FCB-4F2D-85A9-EBB93EDB31C9}"
EndProject
Project("{FAE04EC0-301F-11D3-BF4B-00C04F79EFBC}") = "Oefening 3.5", "Oefening 3.5\Oefening 3.5.csproj", "{9B437C24-D6D9-4359-8BFE-2B5801667A37}"
EndProject
Global
	GlobalSection(SolutionConfigurationPlatforms) = preSolution
		Debug|Any CPU = Debug|Any CPU
		Debug|x64 = Debug|x64
		Debug|x86 = Debug|x86
		Release|Any CPU = Release|Any CPU
		Release|x64 = Release|x64
		Release|x86 = Release|x86
	EndGlobalSection
	GlobalSection(ProjectConfigurationPlatforms) = postSolution
		{EF0CD853-1BDF-40A5-AF1E-8755F8785EC9}.Debug|Any CPU.ActiveCfg = Debug|Any CPU
		{EF0CD853-1BDF-40A5-AF1E-8755F8785EC9}.Debug|Any CPU.Build.0 = Debug|Any CPU
		{EF0CD853-1BDF-40A5-AF1E-8755F8785EC9}.Debug|x64.ActiveCfg = Debug|Any CPU
		{EF0CD853-1BDF-40A5-AF1E-8755F8785EC9}.Debug|x64.Build.0 = Debug|Any CPU
		{EF0CD853-1BDF-40A5-AF1E-8755F8785EC9}.Debug|x86.ActiveCfg = Debug|Any CPU
		{EF0CD853-1BDF-40A5-AF1E-8755F8785EC9}.Debug|x86.Build.0 = Debug|Any CPU
		{EF0CD853-1BDF-40A5-AF1E-8755F8785EC9}.Release|Any CPU.ActiveCfg = Release|Any CPU
		{EF0CD853-1BDF-40A5-AF1E-8755F8785EC9}.Release|Any CPU.Build.0 = Release|Any CPU
		{EF0CD853-1BDF-40A5-AF1E-8755F8785EC9}.Release|x64.ActiveCfg = Release|Any CPU
		{EF0CD853-1BDF-40A5-AF1E-8755F8785EC9}.Release|x64.Build.0 = Release|Any CPU
		{EF0CD853-1BDF-40A5-AF1E-8755F8785EC9}.Release|x86.ActiveCfg = Release|Any CPU
		{EF0CD853-1BDF-40A5-AF1E-8755F8785EC9}.Release|x86.Build.0 = Release|Any CPU
		{18DA8276-DCCE-4C5B-9448-913DDFD1CC56}.Debug|Any CPU.ActiveCfg = Debug|Any CPU
		{18DA8276-DCCE-4C5B-9448-913DDFD1CC56}.Debug|Any CPU.Build.0 = Debug|Any CPU
		{18DA8276-DCCE-4C5B-9448-913DDFD1CC56}.Debug|x64.ActiveCfg = Debug|Any CPU
		{18DA8276-DCCE-4C5B-9448-913DDFD1CC56}.Debug|x64.Build.0 = Debug|Any CPU
		{18DA8276-DCCE-4C5B-9448-913DDFD1CC56}.Debug|x86.ActiveCfg = Debug|Any CPU
		{18DA8276-DCCE-4C5B-9448-913DDFD1CC56}.Debug|x86.Build.0 = Debug|Any CPU
		{18DA8276-DCCE-4C5B-9448-913DDFD1CC56}.Release|Any CPU.ActiveCfg = Release|Any CPU
		{18DA8276-DCCE-4C5B-9448-913DDFD1CC56}.Release|Any CPU.Build.0 = Release|Any CPU
		{18DA8276-DCCE-4C5B-9448-913DDFD1CC56}.Release|x64.ActiveCfg = Release|Any CPU
		{18DA8276-DCCE-4C5B-9448-913DDFD1CC56}.Release|x64.Build.0 = Release|Any CPU
		{18DA8276-DCCE-4C5B-9448-913DDFD1CC56}.Release|x86.ActiveCfg = Release|Any CPU
		{18DA8276-DCCE-4C5B-9448-913DDFD1CC56}.Release|x86.Build.0 = Release|Any CPU
		{AE9C9E9D-BE4B-4756-9308-3170547177FA}.Debug|Any CPU.ActiveCfg = Debug|Any CPU
		{AE9C9E9D-BE4B-4756-9308-3170547177FA}.Debug|Any CPU.Build.0 = Debug|Any CPU
		{AE9C9E9D-BE4B-4756-9308-3170547177FA}.Debug|x64.ActiveCfg = Debug|Any CPU
		{AE9C9E9D-BE4B-4756-9308-3170547177FA}.Debug|x64.Build.0 = Debug|Any CPU
		{AE9C9E9D-BE4B-4756-9308-3170547177FA}.Debug|x86.ActiveCfg = Debug|Any CPU
		{AE9C9E9D-BE4B-4756-9308-3170547177FA}.Debug|x86.Build.0 = Debug|Any CPU
		{AE9C9E9D-BE4B-4756-9308-3170547177FA}.Release|Any CPU.ActiveCfg = Release|Any CPU
		{AE9C9E9D-BE4B-4756-9308-3170547177FA}.Release|Any CPU.Build.0 = Release|Any CPU
		{AE9C9E9D-BE4B-4756-9308-3170547177FA}.Release|x64.ActiveCfg = Release|Any CPU
		{AE9C9E9D-BE4B-4756-9308-3170547177FA}.Release|x64.Build.0 = Release|Any CPU
		{AE9C9E9D-BE4B-4756-9308-3170547177FA}.Release|x86.ActiveCfg = Release|Any CPU
		{AE9C9E9D-BE4B-4756-9308-3170547177FA}.Release|x86.Build.0 = Release|Any CPU
		{79C6AD25-8105-4B81-9206-BBDBE9EBCE74}.Debug|Any CPU.ActiveCfg = Debug|Any CPU
		{79C6AD25-8105-4B81-9206-BBDBE9EBCE74}.Debug|Any CPU.Build.0 = Debug|Any CPU
		{79C6AD25-8105-4B81-9206-BBDBE9EBCE74}.Debug|x64.ActiveCfg = Debug|Any CPU
		{79C6AD25-8105-4B81-9206-BBDBE9EBCE74}.Debug|x64.Build.0 = Debug|Any CPU
		{79C6AD25-8105-4B81-9206-BBDBE9EBCE74}.Debug|x86.ActiveCfg = Debug|Any CPU
		{79C6AD25-8105-4B81-9206-BBDBE9EBCE74}.Debug|x86.Build.0 = Debug|Any CPU
		{79C6AD25-8105-4B81-9206-BBDBE9EBCE74}.Release|Any CPU.ActiveCfg = Release|Any CPU
		{79C6AD25-8105-4B81-9206-BBDBE9EBCE74}.Release|Any CPU.Build.0 = Release|Any CPU
		{79C6AD25-8105-4B81-9206-BBDBE9EBCE74}.Release|x64.ActiveCfg = Release|Any CPU
		{79C6AD25-8105-4B81-9206-BBDBE9EBCE74}.Release|x64.Build.0 = Release|Any CPU
		{79C6AD25-8105-4B81-9206-BBDBE9EBCE74}.Release|x86.ActiveCfg = Release|Any CPU
		{79C6AD25-8105-4B81-9206-BBDBE9EBCE74}.Release|x86.Build.0 = Release|Any CPU
		{AE5CC4C9-5E34-4DDE-A3C4-319A3F1E1C03}.Debug|Any CPU.ActiveCfg = Debug|Any CPU
		{AE5CC4C9-5E34-4DDE-A3C4-319A3F1E1C03}.Debug|Any CPU.Build.0 = Debug|Any CPU
		{AE5CC4C9-5E34-4DDE-A3C4-319A3F1E1C03}.Debug|x64.ActiveCfg = Debug|Any CPU
		{AE5CC4C9-5E34-4DDE-A3C4-319A3F1E1C03}.Debug|x64.Build.0 = Debug|Any CPU
		{AE5CC4C9-5E34-4DDE-A3C4-319A3F1E1C03}.Debug|x86.ActiveCfg = Debug|Any CPU
		{AE5CC4C9-5E34-4DDE-A3C4-319A3F1E1C03}.Debug|x86.Build.0 = Debug|Any CPU
		{AE5CC4C9-5E34-4DDE-A3C4-319A3F1E1C03}.Release|Any CPU.ActiveCfg = Release|Any CPU
		{AE5CC4C9-5E34-4DDE-A3C4-319A3F1E1C03}.Release|Any CPU.Build.0 = Release|Any CPU
		{AE5CC4C9-5E34-4DDE-A3C4-319A3F1E1C03}.Release|x64.ActiveCfg = Release|Any CPU
		{AE5CC4C9-5E34-4DDE-A3C4-319A3F1E1C03}.Release|x64.Build.0 = Release|Any CPU
		{AE5CC4C9-5E34-4DDE-A3C4-319A3F1E1C03}.Release|x86.ActiveCfg = Release|Any CPU
		{AE5CC4C9-5E34-4DDE-A3C4-319A3F1E1C03}.Release|x86.Build.0 = Release|Any CPU
		{C6B45095-6CDC-4C3B-9420-13E3D3EEF6D4}.Debug|Any CPU.ActiveCfg = Debug|Any CPU
		{C6B45095-6CDC-4C3B-9420-13E3D3EEF6D4}.Debug|Any CPU.Build.0 = Debug|Any CPU
		{C6B45095-6CDC-4C3B-9420-13E3D3EEF6D4}.Debug|x64.ActiveCfg = Debug|Any CPU
		{C6B45095-6CDC-4C3B-9420-13E3D3EEF6D4}.Debug|x64.Build.0 = Debug|Any CPU
		{C6B45095-6CDC-4C3B-9420-13E3D3EEF6D4}.Debug|x86.ActiveCfg = Debug|Any CPU
		{C6B45095-6CDC-4C3B-9420-13E3D3EEF6D4}.Debug|x86.Build.0 = Debug|Any CPU
		{C6B45095-6CDC-4C3B-9420-13E3D3EEF6D4}.Release|Any CPU.ActiveCfg = Release|Any CPU
		{C6B45095-6CDC-4C3B-9420-13E3D3EEF6D4}.Release|Any CPU.Build.0 = Release|Any CPU
		{C6B45095-6CDC-4C3B-9420-13E3D3EEF6D4}.Release|x64.ActiveCfg = Release|Any CPU
		{C6B45095-6CDC-4C3B-9420-13E3D3EEF6D4}.Release|x64.Build.0 = Release|Any CPU
		{C6B45095-6CDC-4C3B-9420-13E3D3EEF6D4}.Release|x86.ActiveCfg = Release|Any CPU
		{C6B45095-6CDC-4C3B-9420-13E3D3EEF6D4}.Release|x86.Build.0 = Release|Any CPU
		{6BD376A4-A57C-4F08-B558-2246D7C79D7D}.Debug|Any CPU.ActiveCfg = Debug|Any CPU
		{6BD376A4-A57C-4F08-B558-2246D7C79D7D}.Debug|Any CPU.Build.0 = Debug|Any CPU
		{6BD376A4-A57C-4F08-B558-2246D7C79D7D}.Debug|x64.ActiveCfg = Debug|Any CPU
		{6BD376A4-A57C-4F08-B558-2246D7C79D7D}.Debug|x64.Build.0 = Debug|Any CPU
		{6BD376A4-A57C-4F08-B558-2246D7C79D7D}.Debug|x86.ActiveCfg = Debug|Any CPU
		{6BD376A4-A57C-4F08-B558-2246D7C79D7D}.Debug|x86.Build.0 = Debug|Any CPU
		{6BD376A4-A57C-4F08-B558-2246D7C79D7D}.Release|Any CPU.ActiveCfg = Release|Any CPU
		{6BD376A4-A57C-4F08-B558-2246D7C79D7D}.Release|Any CPU.Build.0 = Release|Any CPU
		{6BD376A4-A57C-4F08-B558-2246D7C79D7D}.Release|x64.ActiveCfg = Release|Any CPU
		{6BD376A4-A57C-4F08-B558-2246D7C79D7D}.Release|x64.Build.0 = Release|Any CPU
		{6BD376A4-A57C-4F08-B558-2246D7C79D7D}.Release|x86.ActiveCfg = Release|Any CPU
		{6BD376A4-A57C-4F08-B558-2246D7C79D7D}.Release|x86.Build.0 = Release|Any CPU
		{4C5C7D0A-46C5-4355-8DDE-B7055A5D2A0A}.Debug|Any CPU.ActiveCfg = Debug|Any CPU
		{4C5C7D0A-46C5-4355-8DDE-B7055A5D2A0A}.Debug|Any CPU.Build.0 = Debug|Any CPU
		{4C5C7D0A-46C5-4355-8DDE-B7055A5D2A0A}.Debug|x64.ActiveCfg = Debug|Any CPU
		{4C5C7D0A-46C5-4355-8DDE-B7055A5D2A0A}.Debug|x64.Build.0 = Debug|Any CPU
		{4C5C7D0A-46C5-4355-8DDE-B7055A5D2A0A}.Debug|x86.ActiveCfg = Debug|Any CPU
		{4C5C7D0A-46C5-4355-8DDE-B7055A5D2A0A}.Debug|x86.Build.0 = Debug|Any CPU
		{4C5C7D0A-46C5-4355-8DDE-B7055A5D2A0A}.Release|Any CPU.ActiveCfg = Release|Any CPU
		{4C5C7D0A-46C5-4355-8DDE-B7055A5D2A0A}.Release|Any CPU.Build.0 = Release|Any CPU
		{4C5C7D0A-46C5-4355-8DDE-B7055A5D2A0A}.Release|x64.ActiveCfg = Release|Any CPU
		{4C5C7D0A-46C5-4355-8DDE-B7055A5D2A0A}.Release|x64.Build.0 = Release|Any CPU
		{4C5C7D0A-46C5-4355-8DDE-B7055A5D2A0A}.Release|x86.ActiveCfg = Release|Any CPU
		{4C5C7D0A-46C5-4355-8DDE-B7055A5D2A0A}.Release|x86.Build.0 = Release|Any CPU
		{C6498205-0823-4440-BDBE-23373E1B5D82}.Debug|Any CPU.ActiveCfg = Debug|Any CPU
		{C6498205-0823-4440-BDBE-23373E1B5D82}.Debug|Any CPU.Build.0 = Debug|Any CPU
		{C6498205-0823-4440-BDBE-23373E1B5D82}.Debug|x64.ActiveCfg = Debug|Any CPU
		{C6498205-0823-4440-BDBE-23373E1B5D82}.Debug|x64.Build.0 = Debug|Any CPU
		{C6498205-0823-4440-BDBE-23373E1B5D82}.Debug|x86.ActiveCfg = Debug|Any CPU
		{C6498205-0823-4440-BDBE-23373E1B5D82}.Debug|x86.Build.0 = Debug|Any CPU
		{C6498205-0823-4440-BDBE-23373E1B5D82}.Release|Any CPU.ActiveCfg = Release|Any CPU
		{C6498205-0823-4440-BDBE-23373E1B5D82}.Release|Any CPU.Build.0 = Release|Any CPU
		{C6498205-0823-4440-BDBE-23373E1B5D82}.Release|x64.ActiveCfg = Release|Any CPU
		{C6498205-0823-4440-BDBE-23373E1B5D82}.Release|x64.Build.0 = Release|Any CPU
		{C6498205-0823-4440-BDBE-23373E1B5D82}.Release|x86.ActiveCfg = Release|Any CPU
		{C6498205-0823-4440-BDBE-23373E1B5D82}.Release|x86.Build.0 = Release|Any CPU
		{1CD8E2BB-0FCB-4F2D-85A9-EBB93EDB31C9}.Debug|Any CPU.ActiveCfg = Debug|Any CPU
		{1CD8E2BB-0FCB-4F2D-85A9-EBB93EDB31C9}.Debug|Any CPU.Build.0 = Debug|Any CPU
		{1CD8E2BB-0FCB-4F2D-85A9-EBB93EDB31C9}.Debug|x64.ActiveCfg = Debug|Any CPU
		{1CD8E2BB-0FCB-4F2D-85A9-EBB93EDB31C9}.Debug|x64.Build.0 = Debug|Any CPU
		{1CD8E2BB-0FCB-4F2D-85A9-EBB93EDB31C9}.Debug|x86.ActiveCfg = Debug|Any CPU
		{1CD8E2BB-0FCB-4F2D-85A9-EBB93EDB31C9}.Debug|x86.Build.0 = Debug|Any CPU
		{1CD8E2BB-0FCB-4F2D-85A9-EBB93EDB31C9}.Release|Any CPU.ActiveCfg = Release|Any CPU
		{1CD8E2BB-0FCB-4F2D-85A9-EBB93EDB31C9}.Release|Any CPU.Build.0 = Release|Any CPU
		{1CD8E2BB-0FCB-4F2D-85A9-EBB93EDB31C9}.Release|x64.ActiveCfg = Release|Any CPU
		{1CD8E2BB-0FCB-4F2D-85A9-EBB93EDB31C9}.Release|x64.Build.0 = Release|Any CPU
		{1CD8E2BB-0FCB-4F2D-85A9-EBB93EDB31C9}.Release|x86.ActiveCfg = Release|Any CPU
		{1CD8E2BB-0FCB-4F2D-85A9-EBB93EDB31C9}.Release|x86.Build.0 = Release|Any CPU
		{9B437C24-D6D9-4359-8BFE-2B5801667A37}.Debug|Any CPU.ActiveCfg = Debug|Any CPU
		{9B437C24-D6D9-4359-8BFE-2B5801667A37}.Debug|Any CPU.Build.0 = Debug|Any CPU
		{9B437C24-D6D9-4359-8BFE-2B5801667A37}.Debug|x64.ActiveCfg = Debug|Any CPU
		{9B437C24-D6D9-4359-8BFE-2B5801667A37}.Debug|x64.Build.0 = Debug|Any CPU
		{9B437C24-D6D9-4359-8BFE-2B5801667A37}.Debug|x86.ActiveCfg = Debug|Any CPU
		{9B437C24-D6D9-4359-8BFE-2B5801667A37}.Debug|x86.Build.0 = Debug|Any CPU
		{9B437C24-D6D9-4359-8BFE-2B5801667A37}.Release|Any CPU.ActiveCfg = Release|Any CPU
		{9B437C24-D6D9-4359-8BFE-2B5801667A37}.Release|Any CPU.Build.0 = Release|Any CPU
		{9B437C24-D6D9-4359-8BFE-2B5801667A37}.Release|x64.ActiveCfg = Release|Any CPU
		{9B437C24-D6D9-4359-8BFE-2B5801667A37}.Release|x64.Build.0 = Release|Any CPU
		{9B437C24-D6D9-4359-8BFE-2B5801667A37}.Release|x86.ActiveCfg = Release|Any CPU
		{9B437C24-D6D9-4359-8BFE-2B5801667A37}.Release|x86.Build.0 = Release|Any CPU
	EndGlobalSection
	GlobalSection(SolutionProperties) = preSolution
		HideSolutionNode = FALSE
	EndGlobalSection
EndGlobal
